# THIS IS AN AUTOGENERATED FILE. DO NOT EDIT THIS FILE DIRECTLY.
# yarn lockfile v1


mobx@^6.3.0:
  version "6.3.0"
  resolved "https://registry.yarnpkg.com/mobx/-/mobx-6.3.0.tgz#a8fb693c3047bdfcb1eaff9aa48e36a7eb084f96"
  integrity sha512-Aa1+VXsg4WxqJMTQfWoYuJi5UD10VZhiobSmcs5kcmI3BIT0aVtn7DysvCeDADCzl7dnbX+0BTHUj/v7gLlZpQ==

typescript@^4.2.4:
  version "4.2.4"
  resolved "https://registry.yarnpkg.com/typescript/-/typescript-4.2.4.tgz#8610b59747de028fda898a8aef0e103f156d0961"
  integrity sha512-V+evlYHZnQkaz8TRBuxTA92yZBPotr5H+WhQ7bD3hZUndx5tGOa1fuCgeSjxAzM1RiN5IzvadIXTVefuuwZCRg==
